{
  "version": 4,
  "terraform_version": "1.11.2",
  "serial": 6,
  "lineage": "5d3ba7a3-2aec-1933-b091-431363ed9e46",
  "outputs": {},
  "resources": [
    {
      "module": "module.network",
      "mode": "managed",
      "type": "oci_core_internet_gateway",
      "name": "internet_gateway",
      "provider": "provider[\"registry.terraform.io/hashicorp/oci\"]",
      "instances": [
        {
          "schema_version": 0,
          "attributes": {
            "compartment_id": "ocid1.compartment.oc1..aaaaaaaaxyivniti2xayroccwbtquqijy2pr52pjrnhcu6uxppmsmwffqazq",
            "defined_tags": {
              "Oracle-Tags.CreatedBy": "default/philipchuk@gmail.com",
              "Oracle-Tags.CreatedOn": "2025-09-04T06:00:56.377Z"
            },
            "display_name": "avosoft-internet-gateway",
            "enabled": true,
            "freeform_tags": {},
            "id": "ocid1.internetgateway.oc1.uk-london-1.aaaaaaaahxubrol6pz7umwckvaersxrdid7mck3d6bpyejbyohdgmla4bhca",
            "route_table_id": null,
            "state": "AVAILABLE",
            "time_created": "2025-09-04 06:00:56.4 +0000 UTC",
            "timeouts": null,
            "vcn_id": "ocid1.vcn.oc1.uk-london-1.amaaaaaag2fnbdaarhzknpkilnysowpejil7kvjkv4zblxlq5qykvoz3qv7q"
          },
          "sensitive_attributes": [],
          "private": "eyJlMmJmYjczMC1lY2FhLTExZTYtOGY4OC0zNDM2M2JjN2M0YzAiOnsiY3JlYXRlIjoxMjAwMDAwMDAwMDAwLCJkZWxldGUiOjEyMDAwMDAwMDAwMDAsInVwZGF0ZSI6MTIwMDAwMDAwMDAwMH19",
          "dependencies": [
            "module.network.oci_core_vcn.avosoft_vcn"
          ]
        }
      ]
    },
    {
      "module": "module.network",
      "mode": "managed",
      "type": "oci_core_route_table",
      "name": "public_route_table",
      "provider": "provider[\"registry.terraform.io/hashicorp/oci\"]",
      "instances": [
        {
          "schema_version": 0,
          "attributes": {
            "compartment_id": "ocid1.compartment.oc1..aaaaaaaaxyivniti2xayroccwbtquqijy2pr52pjrnhcu6uxppmsmwffqazq",
            "defined_tags": {
              "Oracle-Tags.CreatedBy": "default/philipchuk@gmail.com",
              "Oracle-Tags.CreatedOn": "2025-09-04T06:00:56.850Z"
            },
            "display_name": "public-route-table",
            "freeform_tags": {},
            "id": "ocid1.routetable.oc1.uk-london-1.aaaaaaaahlvl4vemr5dipssmfjzntq6oi3gkmi7kbbc3vir7oktqhmycmrpq",
            "route_rules": [
              {
                "cidr_block": "",
                "description": "",
                "destination": "0.0.0.0/0",
                "destination_type": "CIDR_BLOCK",
                "network_entity_id": "ocid1.internetgateway.oc1.uk-london-1.aaaaaaaahxubrol6pz7umwckvaersxrdid7mck3d6bpyejbyohdgmla4bhca",
                "route_type": "STATIC"
              }
            ],
            "state": "AVAILABLE",
            "time_created": "2025-09-04 06:00:56.877 +0000 UTC",
            "timeouts": null,
            "vcn_id": "ocid1.vcn.oc1.uk-london-1.amaaaaaag2fnbdaarhzknpkilnysowpejil7kvjkv4zblxlq5qykvoz3qv7q"
          },
          "sensitive_attributes": [],
          "private": "eyJlMmJmYjczMC1lY2FhLTExZTYtOGY4OC0zNDM2M2JjN2M0YzAiOnsiY3JlYXRlIjoxMjAwMDAwMDAwMDAwLCJkZWxldGUiOjEyMDAwMDAwMDAwMDAsInVwZGF0ZSI6MTIwMDAwMDAwMDAwMH19",
          "dependencies": [
            "module.network.oci_core_internet_gateway.internet_gateway",
            "module.network.oci_core_vcn.avosoft_vcn"
          ]
        }
      ]
    },
    {
      "module": "module.network",
      "mode": "managed",
      "type": "oci_core_security_list",
      "name": "public_security_list",
      "provider": "provider[\"registry.terraform.io/hashicorp/oci\"]",
      "instances": [
        {
          "schema_version": 0,
          "attributes": {
            "compartment_id": "ocid1.compartment.oc1..aaaaaaaaxyivniti2xayroccwbtquqijy2pr52pjrnhcu6uxppmsmwffqazq",
            "defined_tags": {
              "Oracle-Tags.CreatedBy": "default/philipchuk@gmail.com",
              "Oracle-Tags.CreatedOn": "2025-09-04T06:00:56.478Z"
            },
            "display_name": "public-security-list",
            "egress_security_rules": [
              {
                "description": "",
                "destination": "0.0.0.0/0",
                "destination_type": "CIDR_BLOCK",
                "icmp_options": [],
                "protocol": "all",
                "stateless": false,
                "tcp_options": [],
                "udp_options": []
              }
            ],
            "freeform_tags": {},
            "id": "ocid1.securitylist.oc1.uk-london-1.aaaaaaaakefcjxtz54l7ijna6kzv6ligwdtm7fkz56ibram7x3jm2p7dogia",
            "ingress_security_rules": [
              {
                "description": "",
                "icmp_options": [],
                "protocol": "6",
                "source": "0.0.0.0/0",
                "source_type": "CIDR_BLOCK",
                "stateless": false,
                "tcp_options": [
                  {
                    "max": 22,
                    "min": 22,
                    "source_port_range": []
                  }
                ],
                "udp_options": []
              },
              {
                "description": "",
                "icmp_options": [],
                "protocol": "6",
                "source": "0.0.0.0/0",
                "source_type": "CIDR_BLOCK",
                "stateless": false,
                "tcp_options": [
                  {
                    "max": 443,
                    "min": 443,
                    "source_port_range": []
                  }
                ],
                "udp_options": []
              },
              {
                "description": "",
                "icmp_options": [],
                "protocol": "6",
                "source": "0.0.0.0/0",
                "source_type": "CIDR_BLOCK",
                "stateless": false,
                "tcp_options": [
                  {
                    "max": 8000,
                    "min": 8000,
                    "source_port_range": []
                  }
                ],
                "udp_options": []
              },
              {
                "description": "",
                "icmp_options": [],
                "protocol": "6",
                "source": "0.0.0.0/0",
                "source_type": "CIDR_BLOCK",
                "stateless": false,
                "tcp_options": [
                  {
                    "max": 80,
                    "min": 80,
                    "source_port_range": []
                  }
                ],
                "udp_options": []
              },
              {
                "description": "",
                "icmp_options": [],
                "protocol": "6",
                "source": "0.0.0.0/0",
                "source_type": "CIDR_BLOCK",
                "stateless": false,
                "tcp_options": [
                  {
                    "max": 8501,
                    "min": 8501,
                    "source_port_range": []
                  }
                ],
                "udp_options": []
              }
            ],
            "state": "AVAILABLE",
            "time_created": "2025-09-04 06:00:56.516 +0000 UTC",
            "timeouts": null,
            "vcn_id": "ocid1.vcn.oc1.uk-london-1.amaaaaaag2fnbdaarhzknpkilnysowpejil7kvjkv4zblxlq5qykvoz3qv7q"
          },
          "sensitive_attributes": [],
          "private": "eyJlMmJmYjczMC1lY2FhLTExZTYtOGY4OC0zNDM2M2JjN2M0YzAiOnsiY3JlYXRlIjoxMjAwMDAwMDAwMDAwLCJkZWxldGUiOjEyMDAwMDAwMDAwMDAsInVwZGF0ZSI6MTIwMDAwMDAwMDAwMH19",
          "dependencies": [
            "module.network.oci_core_vcn.avosoft_vcn"
          ]
        }
      ]
    },
    {
      "module": "module.network",
      "mode": "managed",
      "type": "oci_core_subnet",
      "name": "public_subnet",
      "provider": "provider[\"registry.terraform.io/hashicorp/oci\"]",
      "instances": [
        {
          "schema_version": 0,
          "attributes": {
            "availability_domain": null,
            "cidr_block": "10.0.1.0/24",
            "compartment_id": "ocid1.compartment.oc1..aaaaaaaaxyivniti2xayroccwbtquqijy2pr52pjrnhcu6uxppmsmwffqazq",
            "defined_tags": {
              "Oracle-Tags.CreatedBy": "default/philipchuk@gmail.com",
              "Oracle-Tags.CreatedOn": "2025-09-04T06:00:57.251Z"
            },
            "dhcp_options_id": "ocid1.dhcpoptions.oc1.uk-london-1.aaaaaaaauclb3dlkic4deffclxpxil4wwrgyj22utkhavj4pmrjuaskbwlaq",
            "display_name": "avosoft-public-subnet",
            "dns_label": "public",
            "freeform_tags": {},
            "id": "ocid1.subnet.oc1.uk-london-1.aaaaaaaaoypolwyaq4e4ct7ygsfuotrl4fn2qttx3ucl2awptv4lbhs32wdq",
            "ipv6cidr_block": null,
            "ipv6cidr_blocks": [],
            "ipv6virtual_router_ip": null,
            "prohibit_internet_ingress": false,
            "prohibit_public_ip_on_vnic": false,
            "route_table_id": "ocid1.routetable.oc1.uk-london-1.aaaaaaaahlvl4vemr5dipssmfjzntq6oi3gkmi7kbbc3vir7oktqhmycmrpq",
            "security_list_ids": [
              "ocid1.securitylist.oc1.uk-london-1.aaaaaaaakefcjxtz54l7ijna6kzv6ligwdtm7fkz56ibram7x3jm2p7dogia"
            ],
            "state": "AVAILABLE",
            "subnet_domain_name": "public.avosoft.oraclevcn.com",
            "time_created": "2025-09-04 06:00:57.309 +0000 UTC",
            "timeouts": null,
            "vcn_id": "ocid1.vcn.oc1.uk-london-1.amaaaaaag2fnbdaarhzknpkilnysowpejil7kvjkv4zblxlq5qykvoz3qv7q",
            "virtual_router_ip": "10.0.1.1",
            "virtual_router_mac": "00:00:17:82:63:BF"
          },
          "sensitive_attributes": [],
          "private": "eyJlMmJmYjczMC1lY2FhLTExZTYtOGY4OC0zNDM2M2JjN2M0YzAiOnsiY3JlYXRlIjoxMjAwMDAwMDAwMDAwLCJkZWxldGUiOjEyMDAwMDAwMDAwMDAsInVwZGF0ZSI6MTIwMDAwMDAwMDAwMH19",
          "dependencies": [
            "module.network.oci_core_internet_gateway.internet_gateway",
            "module.network.oci_core_route_table.public_route_table",
            "module.network.oci_core_security_list.public_security_list",
            "module.network.oci_core_vcn.avosoft_vcn"
          ]
        }
      ]
    },
    {
      "module": "module.network",
      "mode": "managed",
      "type": "oci_core_vcn",
      "name": "avosoft_vcn",
      "provider": "provider[\"registry.terraform.io/hashicorp/oci\"]",
      "instances": [
        {
          "schema_version": 0,
          "attributes": {
            "byoipv6cidr_blocks": [],
            "byoipv6cidr_details": null,
            "cidr_block": "10.0.0.0/16",
            "cidr_blocks": [
              "10.0.0.0/16"
            ],
            "compartment_id": "ocid1.compartment.oc1..aaaaaaaaxyivniti2xayroccwbtquqijy2pr52pjrnhcu6uxppmsmwffqazq",
            "default_dhcp_options_id": "ocid1.dhcpoptions.oc1.uk-london-1.aaaaaaaauclb3dlkic4deffclxpxil4wwrgyj22utkhavj4pmrjuaskbwlaq",
            "default_route_table_id": "ocid1.routetable.oc1.uk-london-1.aaaaaaaaplht5exq5asiwbbgi7yfkbwtjcyautedrjbnmzwotkjhpjoro6yq",
            "default_security_list_id": "ocid1.securitylist.oc1.uk-london-1.aaaaaaaa5jnffss7popa645mstgpsji42uuge6yeraczonu6m34jqhlzx22q",
            "defined_tags": {
              "Oracle-Tags.CreatedBy": "default/philipchuk@gmail.com",
              "Oracle-Tags.CreatedOn": "2025-09-04T06:00:55.583Z"
            },
            "display_name": "avosoft-retail-vcn",
            "dns_label": "avosoft",
            "freeform_tags": {},
            "id": "ocid1.vcn.oc1.uk-london-1.amaaaaaag2fnbdaarhzknpkilnysowpejil7kvjkv4zblxlq5qykvoz3qv7q",
            "ipv6cidr_blocks": [],
            "ipv6private_cidr_blocks": [],
            "is_ipv6enabled": false,
            "is_oracle_gua_allocation_enabled": null,
            "security_attributes": {},
            "state": "AVAILABLE",
            "time_created": "2025-09-04 06:00:55.663 +0000 UTC",
            "timeouts": null,
            "vcn_domain_name": "avosoft.oraclevcn.com"
          },
          "sensitive_attributes": [],
          "private": "eyJlMmJmYjczMC1lY2FhLTExZTYtOGY4OC0zNDM2M2JjN2M0YzAiOnsiY3JlYXRlIjoxMjAwMDAwMDAwMDAwLCJkZWxldGUiOjEyMDAwMDAwMDAwMDAsInVwZGF0ZSI6MTIwMDAwMDAwMDAwMH19"
        }
      ]
    }
  ],
  "check_results": null
}
