{
  "version": 4,
  "terraform_version": "1.11.2",
  "serial": 17,
  "lineage": "5d3ba7a3-2aec-1933-b091-431363ed9e46",
  "outputs": {},
  "resources": [
    {
      "mode": "data",
      "type": "oci_identity_availability_domain",
      "name": "ad",
      "provider": "provider[\"registry.terraform.io/oracle/oci\"]",
      "instances": [
        {
          "schema_version": 0,
          "attributes": {
            "ad_number": 1,
            "compartment_id": "ocid1.tenancy.oc1..aaaaaaaa2ahzf3luygrrmtkmvglhidvn25ewvz6vnqjqkfxrwrxliof36fqa",
            "id": "ocid1.availabilitydomain.oc1..aaaaaaaapjv4p3qtly2fesrig77q4tlmi3wvakeet6fskc7do2fmawz3xctq",
            "name": "idPZ:UK-LONDON-1-AD-1"
          },
          "sensitive_attributes": []
        }
      ]
    },
    {
      "module": "module.compute",
      "mode": "data",
      "type": "oci_core_images",
      "name": "ubuntu_images",
      "provider": "provider[\"registry.terraform.io/hashicorp/oci\"]",
      "instances": [
        {
          "schema_version": 0,
          "attributes": {
            "compartment_id": "ocid1.compartment.oc1..aaaaaaaaxyivniti2xayroccwbtquqijy2pr52pjrnhcu6uxppmsmwffqazq",
            "display_name": null,
            "filter": null,
            "id": "CoreImagesDataSource-954580318",
            "images": [
              {
                "agent_features": [],
                "base_image_id": "",
                "billable_size_in_gbs": "3",
                "compartment_id": "",
                "create_image_allowed": true,
                "defined_tags": {},
                "display_name": "Canonical-Ubuntu-22.04-2025.07.23-0",
                "freeform_tags": {},
                "id": "ocid1.image.oc1.uk-london-1.aaaaaaaa5gbywjc4bog2dti3dqthzke2uj6qxmvt6a4jlyxqe7xru3s53bzq",
                "image_source_details": [],
                "instance_id": "",
                "launch_mode": "NATIVE",
                "launch_options": [
                  {
                    "boot_volume_type": "PARAVIRTUALIZED",
                    "firmware": "UEFI_64",
                    "is_consistent_volume_naming_enabled": true,
                    "is_pv_encryption_in_transit_enabled": true,
                    "network_type": "PARAVIRTUALIZED",
                    "remote_data_volume_type": "PARAVIRTUALIZED"
                  }
                ],
                "listing_type": "",
                "operating_system": "Canonical Ubuntu",
                "operating_system_version": "22.04",
                "size_in_mbs": "47694",
                "state": "AVAILABLE",
                "time_created": "2025-08-01 09:06:11.724 +0000 UTC"
              },
              {
                "agent_features": [],
                "base_image_id": "",
                "billable_size_in_gbs": "3",
                "compartment_id": "",
                "create_image_allowed": true,
                "defined_tags": {},
                "display_name": "Canonical-Ubuntu-22.04-2025.05.20-0",
                "freeform_tags": {},
                "id": "ocid1.image.oc1.uk-london-1.aaaaaaaavxeu6qkr3b2dht7mszw5ru2ifbnlo6babnlwpcizevfwlufmewpq",
                "image_source_details": [],
                "instance_id": "",
                "launch_mode": "NATIVE",
                "launch_options": [
                  {
                    "boot_volume_type": "PARAVIRTUALIZED",
                    "firmware": "UEFI_64",
                    "is_consistent_volume_naming_enabled": true,
                    "is_pv_encryption_in_transit_enabled": true,
                    "network_type": "PARAVIRTUALIZED",
                    "remote_data_volume_type": "PARAVIRTUALIZED"
                  }
                ],
                "listing_type": "",
                "operating_system": "Canonical Ubuntu",
                "operating_system_version": "22.04",
                "size_in_mbs": "47694",
                "state": "AVAILABLE",
                "time_created": "2025-05-22 02:01:32.767 +0000 UTC"
              },
              {
                "agent_features": [],
                "base_image_id": "",
                "billable_size_in_gbs": "3",
                "compartment_id": "",
                "create_image_allowed": true,
                "defined_tags": {},
                "display_name": "Canonical-Ubuntu-22.04-2025.03.28-0",
                "freeform_tags": {},
                "id": "ocid1.image.oc1.uk-london-1.aaaaaaaagfylrxzzf4wrztmzkcv23u4fb2aubd6ogrgquzn65ukk54liu4la",
                "image_source_details": [],
                "instance_id": "",
                "launch_mode": "NATIVE",
                "launch_options": [
                  {
                    "boot_volume_type": "PARAVIRTUALIZED",
                    "firmware": "UEFI_64",
                    "is_consistent_volume_naming_enabled": true,
                    "is_pv_encryption_in_transit_enabled": true,
                    "network_type": "PARAVIRTUALIZED",
                    "remote_data_volume_type": "PARAVIRTUALIZED"
                  }
                ],
                "listing_type": "",
                "operating_system": "Canonical Ubuntu",
                "operating_system_version": "22.04",
                "size_in_mbs": "47694",
                "state": "AVAILABLE",
                "time_created": "2025-03-30 16:50:29.339 +0000 UTC"
              }
            ],
            "operating_system": "Canonical Ubuntu",
            "operating_system_version": "22.04",
            "shape": "VM.Standard.E2.1.Micro",
            "sort_by": "TIMECREATED",
            "sort_order": "DESC",
            "state": null
          },
          "sensitive_attributes": []
        }
      ]
    },
    {
      "module": "module.compute",
      "mode": "managed",
      "type": "oci_core_instance",
      "name": "avosoft_app_server",
      "provider": "provider[\"registry.terraform.io/hashicorp/oci\"]",
      "instances": [
        {
          "schema_version": 0,
          "attributes": {
            "agent_config": [
              {
                "are_all_plugins_disabled": false,
                "is_management_disabled": false,
                "is_monitoring_disabled": false,
                "plugins_config": []
              }
            ],
            "async": null,
            "availability_config": [
              {
                "is_live_migration_preferred": false,
                "recovery_action": "RESTORE_INSTANCE"
              }
            ],
            "availability_domain": "idPZ:UK-LONDON-1-AD-1",
            "boot_volume_id": "ocid1.bootvolume.oc1.uk-london-1.abwgiljtjzflu64mm23u4ztmirkpk7b5chvkjeg7di2agmvqufiloqh2dt2q",
            "capacity_reservation_id": null,
            "cluster_placement_group_id": null,
            "compartment_id": "ocid1.compartment.oc1..aaaaaaaaxyivniti2xayroccwbtquqijy2pr52pjrnhcu6uxppmsmwffqazq",
            "compute_cluster_id": null,
            "create_vnic_details": [
              {
                "assign_ipv6ip": false,
                "assign_private_dns_record": false,
                "assign_public_ip": "true",
                "defined_tags": {
                  "Oracle-Tags.CreatedBy": "default/philipchuk@gmail.com",
                  "Oracle-Tags.CreatedOn": "2025-09-06T07:20:38.557Z"
                },
                "display_name": "avosoft-app-server",
                "freeform_tags": {},
                "hostname_label": "avosoftapp",
                "ipv6address_ipv6subnet_cidr_pair_details": [],
                "nsg_ids": [],
                "private_ip": "10.0.1.242",
                "security_attributes": {},
                "skip_source_dest_check": false,
                "subnet_id": "ocid1.subnet.oc1.uk-london-1.aaaaaaaaoypolwyaq4e4ct7ygsfuotrl4fn2qttx3ucl2awptv4lbhs32wdq",
                "vlan_id": ""
              }
            ],
            "dedicated_vm_host_id": null,
            "defined_tags": {
              "Oracle-Tags.CreatedBy": "default/philipchuk@gmail.com",
              "Oracle-Tags.CreatedOn": "2025-09-06T07:20:38.434Z"
            },
            "display_name": "avosoft-app-server",
            "extended_metadata": {},
            "fault_domain": "FAULT-DOMAIN-1",
            "freeform_tags": {},
            "hostname_label": "avosoftapp",
            "id": "ocid1.instance.oc1.uk-london-1.anwgiljtg2fnbdac4ai4uohysbjxbvbvh2jnwr76ujy7thubzliejiizybjq",
            "image": "ocid1.image.oc1.uk-london-1.aaaaaaaa5gbywjc4bog2dti3dqthzke2uj6qxmvt6a4jlyxqe7xru3s53bzq",
            "instance_configuration_id": null,
            "instance_options": [
              {
                "are_legacy_imds_endpoints_disabled": false
              }
            ],
            "ipxe_script": null,
            "is_cross_numa_node": false,
            "is_pv_encryption_in_transit_enabled": null,
            "launch_mode": "PARAVIRTUALIZED",
            "launch_options": [
              {
                "boot_volume_type": "PARAVIRTUALIZED",
                "firmware": "UEFI_64",
                "is_consistent_volume_naming_enabled": true,
                "is_pv_encryption_in_transit_enabled": false,
                "network_type": "PARAVIRTUALIZED",
                "remote_data_volume_type": "PARAVIRTUALIZED"
              }
            ],
            "launch_volume_attachments": [],
            "licensing_configs": [],
            "metadata": {
              "ssh_authorized_keys": "ssh-rsa AAAAB3NzaC1yc2EAAAADAQABAAABAQCu8u0WL/saDkpPHaL3trRaLaaVM5SIyOb40GDV2oTzkVPMSg72rP6czR/3WgZrJXx8OTDBxmthjbkwwCDFijiSVvbTUbWO/S9Vzjie+LFf7h9cILSX17/ZiogMYpdvT/3k4+sXcWSrAUwf7pR2LN919WJ/067ygeXKjcYaiA5Yn1BI1Tmpes24RRM0QOj8g0Ec+iAE7g2csVN+CjPnX+TIzx7kTcm623+CIxTVreRCnu77J56wIEbMEtdGaWQzLFcLpGUbZO0p7mCwj5FyTAmW+AAlXyhbxDv7Gog8oDT6TkihFSU5c2p8W3hveSwUPSVmy7oPQ6hfbnCRdHkCTjrH phili@CHUKS\r\n",
              "user_data": "IyEvYmluL2Jhc2gKIyBVcGRhdGUgYW5kIGluc3RhbGwgcmVxdWlyZWQgcGFja2FnZXMKYXB0LWdldCB1cGRhdGUKYXB0LWdldCBpbnN0YWxsIC15IHB5dGhvbjMtcGlwIGdpdCBwb3N0Z3Jlc3FsLWNsaWVudAoKIyBDbG9uZSB5b3VyIHJlcG9zaXRvcnkKZ2l0IGNsb25lIGh0dHBzOi8vZ2l0aHViLmNvbS9DaHVrcy1DaHVrcy9hdm9zb2Z0X3JldGFpbC5naXQgL29wdC9hdm9zb2Z0X3JldGFpbAoKIyBJbnN0YWxsIFB5dGhvbiBkZXBlbmRlbmNpZXMKcGlwMyBpbnN0YWxsIC1yIC9vcHQvYXZvc29mdF9yZXRhaWwvcmVxdWlyZW1lbnRzLnR4dAoKIyBDcmVhdGUgYSBkaXJlY3RvcnkgZm9yIGFwcGxpY2F0aW9uIGxvZ3MKbWtkaXIgLXAgL3Zhci9sb2cvYXZvc29mdApjaG1vZCA3NTUgL3Zhci9sb2cvYXZvc29mdAoKIyBDcmVhdGUgYW4gZW52aXJvbm1lbnQgZmlsZSBmb3IgdGhlIGFwcGxpY2F0aW9uCiMgTk9URTogRm9yIHByb2R1Y3Rpb24sIHVzZSBhIHNlY3JldHMgbWFuYWdlciBvciBpbmplY3QgdGhlc2UgYW5vdGhlciB3YXkuCmNhdCA+IC9vcHQvYXZvc29mdF9yZXRhaWwvLmVudiA8PCBFT0wKREJfSE9TVD1hdm9zb2Z0LXJldGFpbC1kYi5jcGFrdWVrY2tsbHMuYXAtc291dGhlYXN0LTIucmRzLmFtYXpvbmF3cy5jb20KREJfUE9SVD01NDMyCkRCX05BTUU9YXZvc29mdF9yZXRhaWwKREJfVVNFUj1wb3N0Z3JlcwpEQl9QQVNTV09SRD1Oa2VtZGViZSU0MDIwMjQKVEFSR0VUPXBvc3RncmVzCkVPTAoKIyBTZXQgb3duZXJzaGlwIGFuZCBwZXJtaXNzaW9ucyBmb3IgdGhlIC5lbnYgZmlsZQpjaG93biB1YnVudHU6dWJ1bnR1IC9vcHQvYXZvc29mdF9yZXRhaWwvLmVudgpjaG1vZCA2MDAgL29wdC9hdm9zb2Z0X3JldGFpbC8uZW52CgojIFN0YXJ0IHlvdXIgYXBwbGljYXRpb24gc2VydmljZXMKY2QgL29wdC9hdm9zb2Z0X3JldGFpbAoKIyBTdGFydCBGYXN0QVBJIGFwcCBhbmQgbG9nIG91dHB1dApub2h1cCBweXRob24zIC1tIHV2aWNvcm4gYXZvc29mdF9lbmdpbmUubWFpbjphcHAgLS1ob3N0IDAuMC4wLjAgLS1wb3J0IDgwMDAgPj4gL3Zhci9sb2cvYXZvc29mdC9hcGkubG9nIDI+JjEgJgoKIyBTdGFydCBTdHJlYW1saXQgZGFzaGJvYXJkIGFuZCBsb2cgb3V0cHV0Cm5vaHVwIHN0cmVhbWxpdCBydW4gYXZvc29mdF9lbmdpbmUvZGFzaGJvYXJkLnB5IC0tc2VydmVyLnBvcnQgODUwMSAtLXNlcnZlci5hZGRyZXNzPTAuMC4wLjAgPj4gL3Zhci9sb2cvYXZvc29mdC9kYXNoYm9hcmQubG9nIDI+JjEgJgoKIyBDcmVhdGUgYSBzaW1wbGUgaGVhbHRoIGNoZWNrIGZpbGUKZWNobyAiQXBwbGljYXRpb24gZGVwbG95ZWQgc3VjY2Vzc2Z1bGx5IGF0ICQoZGF0ZSkiID4gL29wdC9hdm9zb2Z0X3JldGFpbC9kZXBsb3ltZW50LmxvZw=="
            },
            "placement_constraint_details": [],
            "platform_config": [],
            "preemptible_instance_config": [],
            "preserve_boot_volume": null,
            "preserve_data_volumes_created_at_launch": null,
            "private_ip": "10.0.1.242",
            "public_ip": "152.67.146.102",
            "region": "uk-london-1",
            "security_attributes": {},
            "security_attributes_state": "STABLE",
            "shape": "VM.Standard.E2.1.Micro",
            "shape_config": [
              {
                "baseline_ocpu_utilization": "",
                "gpu_description": "",
                "gpus": 0,
                "local_disk_description": "",
                "local_disks": 0,
                "local_disks_total_size_in_gbs": 0,
                "max_vnic_attachments": 1,
                "memory_in_gbs": 1,
                "networking_bandwidth_in_gbps": 0.47999998927116394,
                "nvmes": 0,
                "ocpus": 1,
                "processor_description": "2.0 GHz AMD EPYC™ 7551 (Naples)",
                "vcpus": 2
              }
            ],
            "source_details": [
              {
                "boot_volume_size_in_gbs": "47",
                "boot_volume_vpus_per_gb": "10",
                "instance_source_image_filter_details": [],
                "is_preserve_boot_volume_enabled": false,
                "kms_key_id": "",
                "source_id": "ocid1.image.oc1.uk-london-1.aaaaaaaa5gbywjc4bog2dti3dqthzke2uj6qxmvt6a4jlyxqe7xru3s53bzq",
                "source_type": "image"
              }
            ],
            "state": "RUNNING",
            "subnet_id": "ocid1.subnet.oc1.uk-london-1.aaaaaaaaoypolwyaq4e4ct7ygsfuotrl4fn2qttx3ucl2awptv4lbhs32wdq",
            "system_tags": {
              "orcl-cloud.free-tier-retained": "true"
            },
            "time_created": "2025-09-06 07:20:38.926 +0000 UTC",
            "time_maintenance_reboot_due": "",
            "timeouts": null,
            "update_operation_constraint": null
          },
          "sensitive_attributes": [
            [
              {
                "type": "get_attr",
                "value": "metadata"
              },
              {
                "type": "index",
                "value": {
                  "value": "user_data",
                  "type": "string"
                }
              }
            ]
          ],
          "private": "eyJlMmJmYjczMC1lY2FhLTExZTYtOGY4OC0zNDM2M2JjN2M0YzAiOnsiY3JlYXRlIjoyNzAwMDAwMDAwMDAwLCJkZWxldGUiOjQ1MDAwMDAwMDAwMDAsInVwZGF0ZSI6MjcwMDAwMDAwMDAwMH19",
          "dependencies": [
            "data.oci_identity_availability_domain.ad",
            "module.compute.data.oci_core_images.ubuntu_images",
            "module.database.aws_db_instance.avosoft_db",
            "module.database.aws_security_group.db_sg",
            "module.network.oci_core_internet_gateway.internet_gateway",
            "module.network.oci_core_route_table.public_route_table",
            "module.network.oci_core_security_list.public_security_list",
            "module.network.oci_core_subnet.public_subnet",
            "module.network.oci_core_vcn.avosoft_vcn"
          ]
        }
      ]
    },
    {
      "module": "module.database",
      "mode": "managed",
      "type": "aws_db_instance",
      "name": "avosoft_db",
      "provider": "provider[\"registry.terraform.io/hashicorp/aws\"]",
      "instances": [
        {
          "schema_version": 2,
          "attributes": {
            "address": "avosoft-retail-db.cpakuekcklls.ap-southeast-2.rds.amazonaws.com",
            "allocated_storage": 20,
            "allow_major_version_upgrade": null,
            "apply_immediately": false,
            "arn": "arn:aws:rds:ap-southeast-2:478810312351:db:avosoft-retail-db",
            "auto_minor_version_upgrade": true,
            "availability_zone": "ap-southeast-2b",
            "backup_retention_period": 0,
            "backup_target": "region",
            "backup_window": "13:40-14:10",
            "blue_green_update": [],
            "ca_cert_identifier": "rds-ca-rsa2048-g1",
            "character_set_name": "",
            "copy_tags_to_snapshot": false,
            "custom_iam_instance_profile": "",
            "customer_owned_ip_enabled": false,
            "database_insights_mode": "standard",
            "db_name": "avosoft_retail",
            "db_subnet_group_name": "default",
            "dedicated_log_volume": false,
            "delete_automated_backups": true,
            "deletion_protection": false,
            "domain": "",
            "domain_auth_secret_arn": "",
            "domain_dns_ips": [],
            "domain_fqdn": "",
            "domain_iam_role_name": "",
            "domain_ou": "",
            "enabled_cloudwatch_logs_exports": [],
            "endpoint": "avosoft-retail-db.cpakuekcklls.ap-southeast-2.rds.amazonaws.com:5432",
            "engine": "postgres",
            "engine_lifecycle_support": "open-source-rds-extended-support",
            "engine_version": "15",
            "engine_version_actual": "15.12",
            "final_snapshot_identifier": null,
            "hosted_zone_id": "Z32T0VRHXEXS0V",
            "iam_database_authentication_enabled": false,
            "id": "db-AP45QNPE2IGDLRPU7NR36YORF4",
            "identifier": "avosoft-retail-db",
            "identifier_prefix": "",
            "instance_class": "db.t3.micro",
            "iops": 0,
            "kms_key_id": "",
            "latest_restorable_time": "",
            "license_model": "postgresql-license",
            "listener_endpoint": [],
            "maintenance_window": "wed:15:06-wed:15:36",
            "manage_master_user_password": null,
            "master_user_secret": [],
            "master_user_secret_kms_key_id": null,
            "max_allocated_storage": 0,
            "monitoring_interval": 0,
            "monitoring_role_arn": "",
            "multi_az": false,
            "nchar_character_set_name": "",
            "network_type": "IPV4",
            "option_group_name": "default:postgres-15",
            "parameter_group_name": "default.postgres15",
            "password": "Nkemdebe%402024",
            "password_wo": null,
            "password_wo_version": null,
            "performance_insights_enabled": false,
            "performance_insights_kms_key_id": "",
            "performance_insights_retention_period": 0,
            "port": 5432,
            "publicly_accessible": true,
            "region": "ap-southeast-2",
            "replica_mode": "",
            "replicas": [],
            "replicate_source_db": "",
            "resource_id": "db-AP45QNPE2IGDLRPU7NR36YORF4",
            "restore_to_point_in_time": [],
            "s3_import": [],
            "skip_final_snapshot": true,
            "snapshot_identifier": null,
            "status": "available",
            "storage_encrypted": false,
            "storage_throughput": 0,
            "storage_type": "gp2",
            "tags": {
              "Environment": "Production",
              "Name": "avosoft-retail-database"
            },
            "tags_all": {
              "Environment": "Production",
              "Name": "avosoft-retail-database"
            },
            "timeouts": null,
            "timezone": "",
            "upgrade_storage_config": null,
            "username": "postgres",
            "vpc_security_group_ids": [
              "sg-0cf7b17360659cd80"
            ]
          },
          "sensitive_attributes": [
            [
              {
                "type": "get_attr",
                "value": "password_wo"
              }
            ],
            [
              {
                "type": "get_attr",
                "value": "username"
              }
            ],
            [
              {
                "type": "get_attr",
                "value": "password"
              }
            ]
          ],
          "private": "eyJlMmJmYjczMC1lY2FhLTExZTYtOGY4OC0zNDM2M2JjN2M0YzAiOnsiY3JlYXRlIjozMDAwMDAwMDAwMDAwLCJkZWxldGUiOjM2MDAwMDAwMDAwMDAsInVwZGF0ZSI6NDgwMDAwMDAwMDAwMH0sInNjaGVtYV92ZXJzaW9uIjoiMiJ9",
          "dependencies": [
            "module.database.aws_security_group.db_sg"
          ]
        }
      ]
    },
    {
      "module": "module.database",
      "mode": "managed",
      "type": "aws_security_group",
      "name": "db_sg",
      "provider": "provider[\"registry.terraform.io/hashicorp/aws\"]",
      "instances": [
        {
          "schema_version": 1,
          "attributes": {
            "arn": "arn:aws:ec2:ap-southeast-2:478810312351:security-group/sg-0cf7b17360659cd80",
            "description": "Security group for Avosoft RDS database",
            "egress": [
              {
                "cidr_blocks": [
                  "0.0.0.0/0"
                ],
                "description": "",
                "from_port": 0,
                "ipv6_cidr_blocks": [],
                "prefix_list_ids": [],
                "protocol": "-1",
                "security_groups": [],
                "self": false,
                "to_port": 0
              }
            ],
            "id": "sg-0cf7b17360659cd80",
            "ingress": [
              {
                "cidr_blocks": [
                  "0.0.0.0/0"
                ],
                "description": "",
                "from_port": 5432,
                "ipv6_cidr_blocks": [],
                "prefix_list_ids": [],
                "protocol": "tcp",
                "security_groups": [],
                "self": false,
                "to_port": 5432
              }
            ],
            "name": "avosoft-db-sg20250906003706173400000001",
            "name_prefix": "avosoft-db-sg",
            "owner_id": "478810312351",
            "region": "ap-southeast-2",
            "revoke_rules_on_delete": false,
            "tags": {
              "Name": "avosoft-database-sg"
            },
            "tags_all": {
              "Name": "avosoft-database-sg"
            },
            "timeouts": null,
            "vpc_id": "vpc-0e898a49f2372e101"
          },
          "sensitive_attributes": [],
          "private": "eyJlMmJmYjczMC1lY2FhLTExZTYtOGY4OC0zNDM2M2JjN2M0YzAiOnsiY3JlYXRlIjo2MDAwMDAwMDAwMDAsImRlbGV0ZSI6OTAwMDAwMDAwMDAwfSwic2NoZW1hX3ZlcnNpb24iOiIxIn0="
        }
      ]
    },
    {
      "module": "module.network",
      "mode": "managed",
      "type": "oci_core_internet_gateway",
      "name": "internet_gateway",
      "provider": "provider[\"registry.terraform.io/hashicorp/oci\"]",
      "instances": [
        {
          "schema_version": 0,
          "attributes": {
            "compartment_id": "ocid1.compartment.oc1..aaaaaaaaxyivniti2xayroccwbtquqijy2pr52pjrnhcu6uxppmsmwffqazq",
            "defined_tags": {
              "Oracle-Tags.CreatedBy": "default/philipchuk@gmail.com",
              "Oracle-Tags.CreatedOn": "2025-09-04T06:00:56.377Z"
            },
            "display_name": "avosoft-internet-gateway",
            "enabled": true,
            "freeform_tags": {},
            "id": "ocid1.internetgateway.oc1.uk-london-1.aaaaaaaahxubrol6pz7umwckvaersxrdid7mck3d6bpyejbyohdgmla4bhca",
            "route_table_id": null,
            "state": "AVAILABLE",
            "time_created": "2025-09-04 06:00:56.4 +0000 UTC",
            "timeouts": null,
            "vcn_id": "ocid1.vcn.oc1.uk-london-1.amaaaaaag2fnbdaarhzknpkilnysowpejil7kvjkv4zblxlq5qykvoz3qv7q"
          },
          "sensitive_attributes": [],
          "private": "eyJlMmJmYjczMC1lY2FhLTExZTYtOGY4OC0zNDM2M2JjN2M0YzAiOnsiY3JlYXRlIjoxMjAwMDAwMDAwMDAwLCJkZWxldGUiOjEyMDAwMDAwMDAwMDAsInVwZGF0ZSI6MTIwMDAwMDAwMDAwMH19",
          "dependencies": [
            "module.network.oci_core_vcn.avosoft_vcn"
          ]
        }
      ]
    },
    {
      "module": "module.network",
      "mode": "managed",
      "type": "oci_core_route_table",
      "name": "public_route_table",
      "provider": "provider[\"registry.terraform.io/hashicorp/oci\"]",
      "instances": [
        {
          "schema_version": 0,
          "attributes": {
            "compartment_id": "ocid1.compartment.oc1..aaaaaaaaxyivniti2xayroccwbtquqijy2pr52pjrnhcu6uxppmsmwffqazq",
            "defined_tags": {
              "Oracle-Tags.CreatedBy": "default/philipchuk@gmail.com",
              "Oracle-Tags.CreatedOn": "2025-09-04T06:00:56.850Z"
            },
            "display_name": "public-route-table",
            "freeform_tags": {},
            "id": "ocid1.routetable.oc1.uk-london-1.aaaaaaaahlvl4vemr5dipssmfjzntq6oi3gkmi7kbbc3vir7oktqhmycmrpq",
            "route_rules": [
              {
                "cidr_block": "",
                "description": "",
                "destination": "0.0.0.0/0",
                "destination_type": "CIDR_BLOCK",
                "network_entity_id": "ocid1.internetgateway.oc1.uk-london-1.aaaaaaaahxubrol6pz7umwckvaersxrdid7mck3d6bpyejbyohdgmla4bhca",
                "route_type": "STATIC"
              }
            ],
            "state": "AVAILABLE",
            "time_created": "2025-09-04 06:00:56.877 +0000 UTC",
            "timeouts": null,
            "vcn_id": "ocid1.vcn.oc1.uk-london-1.amaaaaaag2fnbdaarhzknpkilnysowpejil7kvjkv4zblxlq5qykvoz3qv7q"
          },
          "sensitive_attributes": [],
          "private": "eyJlMmJmYjczMC1lY2FhLTExZTYtOGY4OC0zNDM2M2JjN2M0YzAiOnsiY3JlYXRlIjoxMjAwMDAwMDAwMDAwLCJkZWxldGUiOjEyMDAwMDAwMDAwMDAsInVwZGF0ZSI6MTIwMDAwMDAwMDAwMH19",
          "dependencies": [
            "module.network.oci_core_internet_gateway.internet_gateway",
            "module.network.oci_core_vcn.avosoft_vcn"
          ]
        }
      ]
    },
    {
      "module": "module.network",
      "mode": "managed",
      "type": "oci_core_security_list",
      "name": "public_security_list",
      "provider": "provider[\"registry.terraform.io/hashicorp/oci\"]",
      "instances": [
        {
          "schema_version": 0,
          "attributes": {
            "compartment_id": "ocid1.compartment.oc1..aaaaaaaaxyivniti2xayroccwbtquqijy2pr52pjrnhcu6uxppmsmwffqazq",
            "defined_tags": {
              "Oracle-Tags.CreatedBy": "default/philipchuk@gmail.com",
              "Oracle-Tags.CreatedOn": "2025-09-04T06:00:56.478Z"
            },
            "display_name": "public-security-list",
            "egress_security_rules": [
              {
                "description": "",
                "destination": "0.0.0.0/0",
                "destination_type": "CIDR_BLOCK",
                "icmp_options": [],
                "protocol": "all",
                "stateless": false,
                "tcp_options": [],
                "udp_options": []
              }
            ],
            "freeform_tags": {},
            "id": "ocid1.securitylist.oc1.uk-london-1.aaaaaaaakefcjxtz54l7ijna6kzv6ligwdtm7fkz56ibram7x3jm2p7dogia",
            "ingress_security_rules": [
              {
                "description": "",
                "icmp_options": [],
                "protocol": "6",
                "source": "0.0.0.0/0",
                "source_type": "CIDR_BLOCK",
                "stateless": false,
                "tcp_options": [
                  {
                    "max": 22,
                    "min": 22,
                    "source_port_range": []
                  }
                ],
                "udp_options": []
              },
              {
                "description": "",
                "icmp_options": [],
                "protocol": "6",
                "source": "0.0.0.0/0",
                "source_type": "CIDR_BLOCK",
                "stateless": false,
                "tcp_options": [
                  {
                    "max": 443,
                    "min": 443,
                    "source_port_range": []
                  }
                ],
                "udp_options": []
              },
              {
                "description": "",
                "icmp_options": [],
                "protocol": "6",
                "source": "0.0.0.0/0",
                "source_type": "CIDR_BLOCK",
                "stateless": false,
                "tcp_options": [
                  {
                    "max": 8000,
                    "min": 8000,
                    "source_port_range": []
                  }
                ],
                "udp_options": []
              },
              {
                "description": "",
                "icmp_options": [],
                "protocol": "6",
                "source": "0.0.0.0/0",
                "source_type": "CIDR_BLOCK",
                "stateless": false,
                "tcp_options": [
                  {
                    "max": 80,
                    "min": 80,
                    "source_port_range": []
                  }
                ],
                "udp_options": []
              },
              {
                "description": "",
                "icmp_options": [],
                "protocol": "6",
                "source": "0.0.0.0/0",
                "source_type": "CIDR_BLOCK",
                "stateless": false,
                "tcp_options": [
                  {
                    "max": 8501,
                    "min": 8501,
                    "source_port_range": []
                  }
                ],
                "udp_options": []
              }
            ],
            "state": "AVAILABLE",
            "time_created": "2025-09-04 06:00:56.516 +0000 UTC",
            "timeouts": null,
            "vcn_id": "ocid1.vcn.oc1.uk-london-1.amaaaaaag2fnbdaarhzknpkilnysowpejil7kvjkv4zblxlq5qykvoz3qv7q"
          },
          "sensitive_attributes": [],
          "private": "eyJlMmJmYjczMC1lY2FhLTExZTYtOGY4OC0zNDM2M2JjN2M0YzAiOnsiY3JlYXRlIjoxMjAwMDAwMDAwMDAwLCJkZWxldGUiOjEyMDAwMDAwMDAwMDAsInVwZGF0ZSI6MTIwMDAwMDAwMDAwMH19",
          "dependencies": [
            "module.network.oci_core_vcn.avosoft_vcn"
          ]
        }
      ]
    },
    {
      "module": "module.network",
      "mode": "managed",
      "type": "oci_core_subnet",
      "name": "public_subnet",
      "provider": "provider[\"registry.terraform.io/hashicorp/oci\"]",
      "instances": [
        {
          "schema_version": 0,
          "attributes": {
            "availability_domain": null,
            "cidr_block": "10.0.1.0/24",
            "compartment_id": "ocid1.compartment.oc1..aaaaaaaaxyivniti2xayroccwbtquqijy2pr52pjrnhcu6uxppmsmwffqazq",
            "defined_tags": {
              "Oracle-Tags.CreatedBy": "default/philipchuk@gmail.com",
              "Oracle-Tags.CreatedOn": "2025-09-04T06:00:57.251Z"
            },
            "dhcp_options_id": "ocid1.dhcpoptions.oc1.uk-london-1.aaaaaaaauclb3dlkic4deffclxpxil4wwrgyj22utkhavj4pmrjuaskbwlaq",
            "display_name": "avosoft-public-subnet",
            "dns_label": "public",
            "freeform_tags": {},
            "id": "ocid1.subnet.oc1.uk-london-1.aaaaaaaaoypolwyaq4e4ct7ygsfuotrl4fn2qttx3ucl2awptv4lbhs32wdq",
            "ipv6cidr_block": null,
            "ipv6cidr_blocks": [],
            "ipv6virtual_router_ip": null,
            "prohibit_internet_ingress": false,
            "prohibit_public_ip_on_vnic": false,
            "route_table_id": "ocid1.routetable.oc1.uk-london-1.aaaaaaaahlvl4vemr5dipssmfjzntq6oi3gkmi7kbbc3vir7oktqhmycmrpq",
            "security_list_ids": [
              "ocid1.securitylist.oc1.uk-london-1.aaaaaaaakefcjxtz54l7ijna6kzv6ligwdtm7fkz56ibram7x3jm2p7dogia"
            ],
            "state": "AVAILABLE",
            "subnet_domain_name": "public.avosoft.oraclevcn.com",
            "time_created": "2025-09-04 06:00:57.309 +0000 UTC",
            "timeouts": null,
            "vcn_id": "ocid1.vcn.oc1.uk-london-1.amaaaaaag2fnbdaarhzknpkilnysowpejil7kvjkv4zblxlq5qykvoz3qv7q",
            "virtual_router_ip": "10.0.1.1",
            "virtual_router_mac": "00:00:17:82:63:BF"
          },
          "sensitive_attributes": [],
          "private": "eyJlMmJmYjczMC1lY2FhLTExZTYtOGY4OC0zNDM2M2JjN2M0YzAiOnsiY3JlYXRlIjoxMjAwMDAwMDAwMDAwLCJkZWxldGUiOjEyMDAwMDAwMDAwMDAsInVwZGF0ZSI6MTIwMDAwMDAwMDAwMH19",
          "dependencies": [
            "module.network.oci_core_internet_gateway.internet_gateway",
            "module.network.oci_core_route_table.public_route_table",
            "module.network.oci_core_security_list.public_security_list",
            "module.network.oci_core_vcn.avosoft_vcn"
          ]
        }
      ]
    },
    {
      "module": "module.network",
      "mode": "managed",
      "type": "oci_core_vcn",
      "name": "avosoft_vcn",
      "provider": "provider[\"registry.terraform.io/hashicorp/oci\"]",
      "instances": [
        {
          "schema_version": 0,
          "attributes": {
            "byoipv6cidr_blocks": [],
            "byoipv6cidr_details": [],
            "cidr_block": "10.0.0.0/16",
            "cidr_blocks": [
              "10.0.0.0/16"
            ],
            "compartment_id": "ocid1.compartment.oc1..aaaaaaaaxyivniti2xayroccwbtquqijy2pr52pjrnhcu6uxppmsmwffqazq",
            "default_dhcp_options_id": "ocid1.dhcpoptions.oc1.uk-london-1.aaaaaaaauclb3dlkic4deffclxpxil4wwrgyj22utkhavj4pmrjuaskbwlaq",
            "default_route_table_id": "ocid1.routetable.oc1.uk-london-1.aaaaaaaaplht5exq5asiwbbgi7yfkbwtjcyautedrjbnmzwotkjhpjoro6yq",
            "default_security_list_id": "ocid1.securitylist.oc1.uk-london-1.aaaaaaaa5jnffss7popa645mstgpsji42uuge6yeraczonu6m34jqhlzx22q",
            "defined_tags": {
              "Oracle-Tags.CreatedBy": "default/philipchuk@gmail.com",
              "Oracle-Tags.CreatedOn": "2025-09-04T06:00:55.583Z"
            },
            "display_name": "avosoft-retail-vcn",
            "dns_label": "avosoft",
            "freeform_tags": {},
            "id": "ocid1.vcn.oc1.uk-london-1.amaaaaaag2fnbdaarhzknpkilnysowpejil7kvjkv4zblxlq5qykvoz3qv7q",
            "ipv6cidr_blocks": [],
            "ipv6private_cidr_blocks": [],
            "is_ipv6enabled": false,
            "is_oracle_gua_allocation_enabled": null,
            "security_attributes": {},
            "state": "AVAILABLE",
            "time_created": "2025-09-04 06:00:55.663 +0000 UTC",
            "timeouts": null,
            "vcn_domain_name": "avosoft.oraclevcn.com"
          },
          "sensitive_attributes": [],
          "private": "eyJlMmJmYjczMC1lY2FhLTExZTYtOGY4OC0zNDM2M2JjN2M0YzAiOnsiY3JlYXRlIjoxMjAwMDAwMDAwMDAwLCJkZWxldGUiOjEyMDAwMDAwMDAwMDAsInVwZGF0ZSI6MTIwMDAwMDAwMDAwMH19"
        }
      ]
    }
  ],
  "check_results": null
}
